// !$*UTF8*$!
{
	archiveVersion = 1;
	classes = {
	};
	objectVersion = 56;
	objects = {

/* Begin PBXBuildFile section */
		211E025029ED21E500A22AF7 /* AppDelegate.swift in Sources */ = {isa = PBXBuildFile; fileRef = 211E024F29ED21E500A22AF7 /* AppDelegate.swift */; };
		211E025229ED21E500A22AF7 /* SceneDelegate.swift in Sources */ = {isa = PBXBuildFile; fileRef = 211E025129ED21E500A22AF7 /* SceneDelegate.swift */; };
		211E025429ED21E500A22AF7 /* ViewController.swift in Sources */ = {isa = PBXBuildFile; fileRef = 211E025329ED21E500A22AF7 /* ViewController.swift */; };
		211E025929ED21E800A22AF7 /* Assets.xcassets in Resources */ = {isa = PBXBuildFile; fileRef = 211E025829ED21E800A22AF7 /* Assets.xcassets */; };
		211E025C29ED21E800A22AF7 /* LaunchScreen.storyboard in Resources */ = {isa = PBXBuildFile; fileRef = 211E025A29ED21E800A22AF7 /* LaunchScreen.storyboard */; };
		211E026529ED2B8C00A22AF7 /* PlaceAnnotation.swift in Sources */ = {isa = PBXBuildFile; fileRef = 211E026429ED2B8C00A22AF7 /* PlaceAnnotation.swift */; };
		211E026829ED3BE000A22AF7 /* PlacesTableViewController.swift in Sources */ = {isa = PBXBuildFile; fileRef = 211E026729ED3BE000A22AF7 /* PlacesTableViewController.swift */; };
		211E026A29ED432600A22AF7 /* PlaceDetailViewController.swift in Sources */ = {isa = PBXBuildFile; fileRef = 211E026929ED432600A22AF7 /* PlaceDetailViewController.swift */; };
/* End PBXBuildFile section */

/* Begin PBXFileReference section */
		211E024C29ED21E500A22AF7 /* FindPlacesNearMe.app */ = {isa = PBXFileReference; explicitFileType = wrapper.application; includeInIndex = 0; path = FindPlacesNearMe.app; sourceTree = BUILT_PRODUCTS_DIR; };
		211E024F29ED21E500A22AF7 /* AppDelegate.swift */ = {isa = PBXFileReference; lastKnownFileType = sourcecode.swift; path = AppDelegate.swift; sourceTree = "<group>"; };
		211E025129ED21E500A22AF7 /* SceneDelegate.swift */ = {isa = PBXFileReference; lastKnownFileType = sourcecode.swift; path = SceneDelegate.swift; sourceTree = "<group>"; };
		211E025329ED21E500A22AF7 /* ViewController.swift */ = {isa = PBXFileReference; lastKnownFileType = sourcecode.swift; path = ViewController.swift; sourceTree = "<group>"; };
		211E025829ED21E800A22AF7 /* Assets.xcassets */ = {isa = PBXFileReference; lastKnownFileType = folder.assetcatalog; path = Assets.xcassets; sourceTree = "<group>"; };
		211E025B29ED21E800A22AF7 /* Base */ = {isa = PBXFileReference; lastKnownFileType = file.storyboard; name = Base; path = Base.lproj/LaunchScreen.storyboard; sourceTree = "<group>"; };
		211E025D29ED21E800A22AF7 /* Info.plist */ = {isa = PBXFileReference; lastKnownFileType = text.plist.xml; path = Info.plist; sourceTree = "<group>"; };
		211E026429ED2B8C00A22AF7 /* PlaceAnnotation.swift */ = {isa = PBXFileReference; lastKnownFileType = sourcecode.swift; path = PlaceAnnotation.swift; sourceTree = "<group>"; };
		211E026729ED3BE000A22AF7 /* PlacesTableViewController.swift */ = {isa = PBXFileReference; lastKnownFileType = sourcecode.swift; path = PlacesTableViewController.swift; sourceTree = "<group>"; };
		211E026929ED432600A22AF7 /* PlaceDetailViewController.swift */ = {isa = PBXFileReference; lastKnownFileType = sourcecode.swift; path = PlaceDetailViewController.swift; sourceTree = "<group>"; };
/* End PBXFileReference section */

/* Begin PBXFrameworksBuildPhase section */
		211E024929ED21E500A22AF7 /* Frameworks */ = {
			isa = PBXFrameworksBuildPhase;
			buildActionMask = 2147483647;
			files = (
			);
			runOnlyForDeploymentPostprocessing = 0;
		};
/* End PBXFrameworksBuildPhase section */

/* Begin PBXGroup section */
		211E024329ED21E400A22AF7 = {
			isa = PBXGroup;
			children = (
				211E024E29ED21E500A22AF7 /* FindPlacesNearMe */,
				211E024D29ED21E500A22AF7 /* Products */,
			);
			sourceTree = "<group>";
		};
		211E024D29ED21E500A22AF7 /* Products */ = {
			isa = PBXGroup;
			children = (
				211E024C29ED21E500A22AF7 /* FindPlacesNearMe.app */,
			);
			name = Products;
			sourceTree = "<group>";
		};
		211E024E29ED21E500A22AF7 /* FindPlacesNearMe */ = {
			isa = PBXGroup;
			children = (
				211E026629ED3BCE00A22AF7 /* Controllers */,
				211E026329ED2B6700A22AF7 /* Annotations */,
				211E024F29ED21E500A22AF7 /* AppDelegate.swift */,
				211E025129ED21E500A22AF7 /* SceneDelegate.swift */,
				211E025329ED21E500A22AF7 /* ViewController.swift */,
				211E025829ED21E800A22AF7 /* Assets.xcassets */,
				211E025A29ED21E800A22AF7 /* LaunchScreen.storyboard */,
				211E025D29ED21E800A22AF7 /* Info.plist */,
			);
			path = FindPlacesNearMe;
			sourceTree = "<group>";
		};
		211E026329ED2B6700A22AF7 /* Annotations */ = {
			isa = PBXGroup;
			children = (
				211E026429ED2B8C00A22AF7 /* PlaceAnnotation.swift */,
			);
			path = Annotations;
			sourceTree = "<group>";
		};
		211E026629ED3BCE00A22AF7 /* Controllers */ = {
			isa = PBXGroup;
			children = (
				211E026729ED3BE000A22AF7 /* PlacesTableViewController.swift */,
				211E026929ED432600A22AF7 /* PlaceDetailViewController.swift */,
			);
			path = Controllers;
			sourceTree = "<group>";
		};
/* End PBXGroup section */

/* Begin PBXNativeTarget section */
		211E024B29ED21E500A22AF7 /* FindPlacesNearMe */ = {
			isa = PBXNativeTarget;
			buildConfigurationList = 211E026029ED21E800A22AF7 /* Build configuration list for PBXNativeTarget "FindPlacesNearMe" */;
			buildPhases = (
				211E024829ED21E500A22AF7 /* Sources */,
				211E024929ED21E500A22AF7 /* Frameworks */,
				211E024A29ED21E500A22AF7 /* Resources */,
			);
			buildRules = (
			);
			dependencies = (
			);
			name = FindPlacesNearMe;
			productName = FindPlacesNearME;
			productReference = 211E024C29ED21E500A22AF7 /* FindPlacesNearMe.app */;
			productType = "com.apple.product-type.application";
		};
/* End PBXNativeTarget section */

/* Begin PBXProject section */
		211E024429ED21E400A22AF7 /* Project object */ = {
			isa = PBXProject;
			attributes = {
				BuildIndependentTargetsInParallel = 1;
				LastSwiftUpdateCheck = 1420;
				LastUpgradeCheck = 1420;
				TargetAttributes = {
					211E024B29ED21E500A22AF7 = {
						CreatedOnToolsVersion = 14.2;
					};
				};
			};
			buildConfigurationList = 211E024729ED21E400A22AF7 /* Build configuration list for PBXProject "FindPlacesNearMe" */;
			compatibilityVersion = "Xcode 14.0";
			developmentRegion = en;
			hasScannedForEncodings = 0;
			knownRegions = (
				en,
				Base,
			);
			mainGroup = 211E024329ED21E400A22AF7;
			productRefGroup = 211E024D29ED21E500A22AF7 /* Products */;
			projectDirPath = "";
			projectRoot = "";
			targets = (
				211E024B29ED21E500A22AF7 /* FindPlacesNearMe */,
			);
		};
/* End PBXProject section */

/* Begin PBXResourcesBuildPhase section */
		211E024A29ED21E500A22AF7 /* Resources */ = {
			isa = PBXResourcesBuildPhase;
			buildActionMask = 2147483647;
			files = (
				211E025C29ED21E800A22AF7 /* LaunchScreen.storyboard in Resources */,
				211E025929ED21E800A22AF7 /* Assets.xcassets in Resources */,
			);
			runOnlyForDeploymentPostprocessing = 0;
		};
/* End PBXResourcesBuildPhase section */

/* Begin PBXSourcesBuildPhase section */
		211E024829ED21E500A22AF7 /* Sources */ = {
			isa = PBXSourcesBuildPhase;
			buildActionMask = 2147483647;
			files = (
				211E025429ED21E500A22AF7 /* ViewController.swift in Sources */,
				211E025029ED21E500A22AF7 /* AppDelegate.swift in Sources */,
				211E026529ED2B8C00A22AF7 /* PlaceAnnotation.swift in Sources */,
				211E026A29ED432600A22AF7 /* PlaceDetailViewController.swift in Sources */,
				211E025229ED21E500A22AF7 /* SceneDelegate.swift in Sources */,
				211E026829ED3BE000A22AF7 /* PlacesTableViewController.swift in Sources */,
			);
			runOnlyForDeploymentPostprocessing = 0;
		};
/* End PBXSourcesBuildPhase section */

/* Begin PBXVariantGroup section */
		211E025A29ED21E800A22AF7 /* LaunchScreen.storyboard */ = {
			isa = PBXVariantGroup;
			children = (
				211E025B29ED21E800A22AF7 /* Base */,
			);
			name = LaunchScreen.storyboard;
			sourceTree = "<group>";
		};
/* End PBXVariantGroup section */

/* Begin XCBuildConfiguration section */
		211E025E29ED21E800A22AF7 /* Debug */ = {
			isa = XCBuildConfiguration;
			buildSettings = {
				ALWAYS_SEARCH_USER_PATHS = NO;
				CLANG_ANALYZER_NONNULL = YES;
				CLANG_ANALYZER_NUMBER_OBJECT_CONVERSION = YES_AGGRESSIVE;
				CLANG_CXX_LANGUAGE_STANDARD = "gnu++20";
				CLANG_ENABLE_MODULES = YES;
				CLANG_ENABLE_OBJC_ARC = YES;
				CLANG_ENABLE_OBJC_WEAK = YES;
				CLANG_WARN_BLOCK_CAPTURE_AUTORELEASING = YES;
				CLANG_WARN_BOOL_CONVERSION = YES;
				CLANG_WARN_COMMA = YES;
				CLANG_WARN_CONSTANT_CONVERSION = YES;
				CLANG_WARN_DEPRECATED_OBJC_IMPLEMENTATIONS = YES;
				CLANG_WARN_DIRECT_OBJC_ISA_USAGE = YES_ERROR;
				CLANG_WARN_DOCUMENTATION_COMMENTS = YES;
				CLANG_WARN_EMPTY_BODY = YES;
				CLANG_WARN_ENUM_CONVERSION = YES;
				CLANG_WARN_INFINITE_RECURSION = YES;
				CLANG_WARN_INT_CONVERSION = YES;
				CLANG_WARN_NON_LITERAL_NULL_CONVERSION = YES;
				CLANG_WARN_OBJC_IMPLICIT_RETAIN_SELF = YES;
				CLANG_WARN_OBJC_LITERAL_CONVERSION = YES;
				CLANG_WARN_OBJC_ROOT_CLASS = YES_ERROR;
				CLANG_WARN_QUOTED_INCLUDE_IN_FRAMEWORK_HEADER = YES;
				CLANG_WARN_RANGE_LOOP_ANALYSIS = YES;
				CLANG_WARN_STRICT_PROTOTYPES = YES;
				CLANG_WARN_SUSPICIOUS_MOVE = YES;
				CLANG_WARN_UNGUARDED_AVAILABILITY = YES_AGGRESSIVE;
				CLANG_WARN_UNREACHABLE_CODE = YES;
				CLANG_WARN__DUPLICATE_METHOD_MATCH = YES;
				COPY_PHASE_STRIP = NO;
				DEBUG_INFORMATION_FORMAT = dwarf;
				ENABLE_STRICT_OBJC_MSGSEND = YES;
				ENABLE_TESTABILITY = YES;
				GCC_C_LANGUAGE_STANDARD = gnu11;
				GCC_DYNAMIC_NO_PIC = NO;
				GCC_NO_COMMON_BLOCKS = YES;
				GCC_OPTIMIZATION_LEVEL = 0;
				GCC_PREPROCESSOR_DEFINITIONS = (
					"DEBUG=1",
					"$(inherited)",
				);
				GCC_WARN_64_TO_32_BIT_CONVERSION = YES;
				GCC_WARN_ABOUT_RETURN_TYPE = YES_ERROR;
				GCC_WARN_UNDECLARED_SELECTOR = YES;
				GCC_WARN_UNINITIALIZED_AUTOS = YES_AGGRESSIVE;
				GCC_WARN_UNUSED_FUNCTION = YES;
				GCC_WARN_UNUSED_VARIABLE = YES;
				IPHONEOS_DEPLOYMENT_TARGET = 16.2;
				MTL_ENABLE_DEBUG_INFO = INCLUDE_SOURCE;
				MTL_FAST_MATH = YES;
				ONLY_ACTIVE_ARCH = YES;
				SDKROOT = iphoneos;
				SWIFT_ACTIVE_COMPILATION_CONDITIONS = DEBUG;
				SWIFT_OPTIMIZATION_LEVEL = "-Onone";
			};
			name = Debug;
		};
		211E025F29ED21E800A22AF7 /* Release */ = {
			isa = XCBuildConfiguration;
			buildSettings = {
				ALWAYS_SEARCH_USER_PATHS = NO;
				CLANG_ANALYZER_NONNULL = YES;
				CLANG_ANALYZER_NUMBER_OBJECT_CONVERSION = YES_AGGRESSIVE;
				CLANG_CXX_LANGUAGE_STANDARD = "gnu++20";
				CLANG_ENABLE_MODULES = YES;
				CLANG_ENABLE_OBJC_ARC = YES;
				CLANG_ENABLE_OBJC_WEAK = YES;
				CLANG_WARN_BLOCK_CAPTURE_AUTORELEASING = YES;
				CLANG_WARN_BOOL_CONVERSION = YES;
				CLANG_WARN_COMMA = YES;
				CLANG_WARN_CONSTANT_CONVERSION = YES;
				CLANG_WARN_DEPRECATED_OBJC_IMPLEMENTATIONS = YES;
				CLANG_WARN_DIRECT_OBJC_ISA_USAGE = YES_ERROR;
				CLANG_WARN_DOCUMENTATION_COMMENTS = YES;
				CLANG_WARN_EMPTY_BODY = YES;
				CLANG_WARN_ENUM_CONVERSION = YES;
				CLANG_WARN_INFINITE_RECURSION = YES;
				CLANG_WARN_INT_CONVERSION = YES;
				CLANG_WARN_NON_LITERAL_NULL_CONVERSION = YES;
				CLANG_WARN_OBJC_IMPLICIT_RETAIN_SELF = YES;
				CLANG_WARN_OBJC_LITERAL_CONVERSION = YES;
				CLANG_WARN_OBJC_ROOT_CLASS = YES_ERROR;
				CLANG_WARN_QUOTED_INCLUDE_IN_FRAMEWORK_HEADER = YES;
				CLANG_WARN_RANGE_LOOP_ANALYSIS = YES;
				CLANG_WARN_STRICT_PROTOTYPES = YES;
				CLANG_WARN_SUSPICIOUS_MOVE = YES;
				CLANG_WARN_UNGUARDED_AVAILABILITY = YES_AGGRESSIVE;
				CLANG_WARN_UNREACHABLE_CODE = YES;
				CLANG_WARN__DUPLICATE_METHOD_MATCH = YES;
				COPY_PHASE_STRIP = NO;
				DEBUG_INFORMATION_FORMAT = "dwarf-with-dsym";
				ENABLE_NS_ASSERTIONS = NO;
				ENABLE_STRICT_OBJC_MSGSEND = YES;
				GCC_C_LANGUAGE_STANDARD = gnu11;
				GCC_NO_COMMON_BLOCKS = YES;
				GCC_WARN_64_TO_32_BIT_CONVERSION = YES;
				GCC_WARN_ABOUT_RETURN_TYPE = YES_ERROR;
				GCC_WARN_UNDECLARED_SELECTOR = YES;
				GCC_WARN_UNINITIALIZED_AUTOS = YES_AGGRESSIVE;
				GCC_WARN_UNUSED_FUNCTION = YES;
				GCC_WARN_UNUSED_VARIABLE = YES;
				IPHONEOS_DEPLOYMENT_TARGET = 16.2;
				MTL_ENABLE_DEBUG_INFO = NO;
				MTL_FAST_MATH = YES;
				SDKROOT = iphoneos;
				SWIFT_COMPILATION_MODE = wholemodule;
				SWIFT_OPTIMIZATION_LEVEL = "-O";
				VALIDATE_PRODUCT = YES;
			};
			name = Release;
		};
		211E026129ED21E800A22AF7 /* Debug */ = {
			isa = XCBuildConfiguration;
			buildSettings = {
				ASSETCATALOG_COMPILER_APPICON_NAME = AppIcon;
				ASSETCATALOG_COMPILER_GLOBAL_ACCENT_COLOR_NAME = AccentColor;
				CODE_SIGN_STYLE = Automatic;
				CURRENT_PROJECT_VERSION = 1;
				DEVELOPMENT_TEAM = JZ82R25RS7;
				GENERATE_INFOPLIST_FILE = YES;
				INFOPLIST_FILE = FindPlacesNearME/Info.plist;
				INFOPLIST_KEY_NSLocationWhenInUseUsageDescription = "To find nearby points of interest";
				INFOPLIST_KEY_UIApplicationSupportsIndirectInputEvents = YES;
				INFOPLIST_KEY_UILaunchStoryboardName = LaunchScreen;
				INFOPLIST_KEY_UISupportedInterfaceOrientations_iPad = "UIInterfaceOrientationPortrait UIInterfaceOrientationPortraitUpsideDown UIInterfaceOrientationLandscapeLeft UIInterfaceOrientationLandscapeRight";
				INFOPLIST_KEY_UISupportedInterfaceOrientations_iPhone = "UIInterfaceOrientationPortrait UIInterfaceOrientationLandscapeLeft UIInterfaceOrientationLandscapeRight";
				LD_RUNPATH_SEARCH_PATHS = (
					"$(inherited)",
					"@executable_path/Frameworks",
				);
				MARKETING_VERSION = 1.0;
				PRODUCT_BUNDLE_IDENTIFIER = com.demo.my.uikit.learn.FindPlacesNearME;
				PRODUCT_NAME = "$(TARGET_NAME)";
				SWIFT_EMIT_LOC_STRINGS = YES;
				SWIFT_VERSION = 5.0;
				TARGETED_DEVICE_FAMILY = "1,2";
			};
			name = Debug;
		};
		211E026229ED21E800A22AF7 /* Release */ = {
			isa = XCBuildConfiguration;
			buildSettings = {
				ASSETCATALOG_COMPILER_APPICON_NAME = AppIcon;
				ASSETCATALOG_COMPILER_GLOBAL_ACCENT_COLOR_NAME = AccentColor;
				CODE_SIGN_STYLE = Automatic;
				CURRENT_PROJECT_VERSION = 1;
				DEVELOPMENT_TEAM = JZ82R25RS7;
				GENERATE_INFOPLIST_FILE = YES;
				INFOPLIST_FILE = FindPlacesNearME/Info.plist;
				INFOPLIST_KEY_NSLocationWhenInUseUsageDescription = "To find nearby points of interest";
				INFOPLIST_KEY_UIApplicationSupportsIndirectInputEvents = YES;
				INFOPLIST_KEY_UILaunchStoryboardName = LaunchScreen;
				INFOPLIST_KEY_UISupportedInterfaceOrientations_iPad = "UIInterfaceOrientationPortrait UIInterfaceOrientationPortraitUpsideDown UIInterfaceOrientationLandscapeLeft UIInterfaceOrientationLandscapeRight";
				INFOPLIST_KEY_UISupportedInterfaceOrientations_iPhone = "UIInterfaceOrientationPortrait UIInterfaceOrientationLandscapeLeft UIInterfaceOrientationLandscapeRight";
				LD_RUNPATH_SEARCH_PATHS = (
					"$(inherited)",
					"@executable_path/Frameworks",
				);
				MARKETING_VERSION = 1.0;
				PRODUCT_BUNDLE_IDENTIFIER = com.demo.my.uikit.learn.FindPlacesNearME;
				PRODUCT_NAME = "$(TARGET_NAME)";
				SWIFT_EMIT_LOC_STRINGS = YES;
				SWIFT_VERSION = 5.0;
				TARGETED_DEVICE_FAMILY = "1,2";
			};
			name = Release;
		};
/* End XCBuildConfiguration section */

/* Begin XCConfigurationList section */
		211E024729ED21E400A22AF7 /* Build configuration list for PBXProject "FindPlacesNearMe" */ = {
			isa = XCConfigurationList;
			buildConfigurations = (
				211E025E29ED21E800A22AF7 /* Debug */,
				211E025F29ED21E800A22AF7 /* Release */,
			);
			defaultConfigurationIsVisible = 0;
			defaultConfigurationName = Release;
		};
		211E026029ED21E800A22AF7 /* Build configuration list for PBXNativeTarget "FindPlacesNearMe" */ = {
			isa = XCConfigurationList;
			buildConfigurations = (
				211E026129ED21E800A22AF7 /* Debug */,
				211E026229ED21E800A22AF7 /* Release */,
			);
			defaultConfigurationIsVisible = 0;
			defaultConfigurationName = Release;
		};
/* End XCConfigurationList section */
	};
	rootObject = 211E024429ED21E400A22AF7 /* Project object */;
}
